
Microsoft Visual Studio Solution File, Format Version 12.00
# Visual Studio Version 16
VisualStudioVersion = 16.0.30413.136
MinimumVisualStudioVersion = 10.0.40219.1
Project("{9A19103F-16F7-4668-BE54-9A1E7A4F7556}") = "Fibula.Parsing.CipFiles", "Fibula.Parsing.CipFiles\Fibula.Parsing.CipFiles.csproj", "{770345C4-CCF1-410A-A50E-7AF4DAAD11F3}"
EndProject
Global
	GlobalSection(SolutionConfigurationPlatforms) = preSolution
		Debug|Any CPU = Debug|Any CPU
		Release|Any CPU = Release|Any CPU
	EndGlobalSection
	GlobalSection(ProjectConfigurationPlatforms) = postSolution
		{770345C4-CCF1-410A-A50E-7AF4DAAD11F3}.Debug|Any CPU.ActiveCfg = Debug|Any CPU
		{770345C4-CCF1-410A-A50E-7AF4DAAD11F3}.Debug|Any CPU.Build.0 = Debug|Any CPU
		{770345C4-CCF1-410A-A50E-7AF4DAAD11F3}.Release|Any CPU.ActiveCfg = Release|Any CPU
		{770345C4-CCF1-410A-A50E-7AF4DAAD11F3}.Release|Any CPU.Build.0 = Release|Any CPU
	EndGlobalSection
	GlobalSection(SolutionProperties) = preSolution
		HideSolutionNode = FALSE
	EndGlobalSection
	GlobalSection(ExtensibilityGlobals) = postSolution
		SolutionGuid = {7624255B-0DDD-483D-AF28-304BFAE2E7BB}
	EndGlobalSection
EndGlobal
